
Microsoft Visual Studio Solution File, Format Version 12.00
# Visual Studio Version 16
VisualStudioVersion = 16.0.32126.315
MinimumVisualStudioVersion = 10.0.40219.1
Project("{FAE04EC0-301F-11D3-BF4B-00C04F79EFBC}") = "Problem 1 – Activation Keys", "Problem 1 – Activation Keys\Problem 1 – Activation Keys.csproj", "{54FD1084-EC9D-4080-B9E8-4932BD6FEECB}"
EndProject
Project("{FAE04EC0-301F-11D3-BF4B-00C04F79EFBC}") = "Problem 2 – Emoji Detector", "Problem 2 – Emoji Detector\Problem 2 – Emoji Detector.csproj", "{050AD37A-F8C4-450E-944F-66C2B8402222}"
EndProject
Project("{FAE04EC0-301F-11D3-BF4B-00C04F79EFBC}") = "Problem 3 - Heroes of Code and Logic VII", "Problem 3 - Heroes of Code and Logic VII\Problem 3 - Heroes of Code and Logic VII.csproj", "{59FE606E-4650-4124-AC0E-8900EF8D29B6}"
EndProject
Global
	GlobalSection(SolutionConfigurationPlatforms) = preSolution
		Debug|Any CPU = Debug|Any CPU
		Release|Any CPU = Release|Any CPU
	EndGlobalSection
	GlobalSection(ProjectConfigurationPlatforms) = postSolution
		{54FD1084-EC9D-4080-B9E8-4932BD6FEECB}.Debug|Any CPU.ActiveCfg = Debug|Any CPU
		{54FD1084-EC9D-4080-B9E8-4932BD6FEECB}.Debug|Any CPU.Build.0 = Debug|Any CPU
		{54FD1084-EC9D-4080-B9E8-4932BD6FEECB}.Release|Any CPU.ActiveCfg = Release|Any CPU
		{54FD1084-EC9D-4080-B9E8-4932BD6FEECB}.Release|Any CPU.Build.0 = Release|Any CPU
		{050AD37A-F8C4-450E-944F-66C2B8402222}.Debug|Any CPU.ActiveCfg = Debug|Any CPU
		{050AD37A-F8C4-450E-944F-66C2B8402222}.Debug|Any CPU.Build.0 = Debug|Any CPU
		{050AD37A-F8C4-450E-944F-66C2B8402222}.Release|Any CPU.ActiveCfg = Release|Any CPU
		{050AD37A-F8C4-450E-944F-66C2B8402222}.Release|Any CPU.Build.0 = Release|Any CPU
		{59FE606E-4650-4124-AC0E-8900EF8D29B6}.Debug|Any CPU.ActiveCfg = Debug|Any CPU
		{59FE606E-4650-4124-AC0E-8900EF8D29B6}.Debug|Any CPU.Build.0 = Debug|Any CPU
		{59FE606E-4650-4124-AC0E-8900EF8D29B6}.Release|Any CPU.ActiveCfg = Release|Any CPU
		{59FE606E-4650-4124-AC0E-8900EF8D29B6}.Release|Any CPU.Build.0 = Release|Any CPU
	EndGlobalSection
	GlobalSection(SolutionProperties) = preSolution
		HideSolutionNode = FALSE
	EndGlobalSection
	GlobalSection(ExtensibilityGlobals) = postSolution
		SolutionGuid = {5381562E-BC9D-48FB-96C5-F44C3952DDE4}
	EndGlobalSection
EndGlobal
