
Microsoft Visual Studio Solution File, Format Version 12.00
# Visual Studio Version 16
VisualStudioVersion = 16.0.32126.315
MinimumVisualStudioVersion = 10.0.40219.1
Project("{FAE04EC0-301F-11D3-BF4B-00C04F79EFBC}") = "01. Encrypt, Sort and Print Array", "..\Arrays-MoreEx\01. Encrypt, Sort and Print Array\01. Encrypt, Sort and Print Array.csproj", "{02220E15-E621-4367-A7E3-5E406719734B}"
EndProject
Project("{FAE04EC0-301F-11D3-BF4B-00C04F79EFBC}") = "02. Pascal Triangle", "..\Arrays-MoreEx\02. Pascal Triangle\02. Pascal Triangle.csproj", "{E328E560-D2D2-426D-BFEA-DDBB8DE187CD}"
EndProject
Project("{FAE04EC0-301F-11D3-BF4B-00C04F79EFBC}") = "03. Recursive Fibonacci", "..\Arrays-MoreEx\03. Recursive Fibonacci\03. Recursive Fibonacci.csproj", "{C9D9825D-523E-4218-9566-DC7FBDCD13D1}"
EndProject
Project("{FAE04EC0-301F-11D3-BF4B-00C04F79EFBC}") = "04. Fold and Sum", "..\Arrays-MoreEx\04. Fold and Sum\04. Fold and Sum.csproj", "{9DE6B7E2-F1AC-4364-90C1-5F3E76586F68}"
EndProject
Project("{FAE04EC0-301F-11D3-BF4B-00C04F79EFBC}") = "05. Longest Increasing Subsequence", "..\Arrays-MoreEx\05. Longest Increasing Subsequence\05. Longest Increasing Subsequence.csproj", "{1D99FCC7-7D10-4FBC-8EC7-D6D35946C913}"
EndProject
Global
	GlobalSection(SolutionConfigurationPlatforms) = preSolution
		Debug|Any CPU = Debug|Any CPU
		Release|Any CPU = Release|Any CPU
	EndGlobalSection
	GlobalSection(ProjectConfigurationPlatforms) = postSolution
		{02220E15-E621-4367-A7E3-5E406719734B}.Debug|Any CPU.ActiveCfg = Debug|Any CPU
		{02220E15-E621-4367-A7E3-5E406719734B}.Debug|Any CPU.Build.0 = Debug|Any CPU
		{02220E15-E621-4367-A7E3-5E406719734B}.Release|Any CPU.ActiveCfg = Release|Any CPU
		{02220E15-E621-4367-A7E3-5E406719734B}.Release|Any CPU.Build.0 = Release|Any CPU
		{E328E560-D2D2-426D-BFEA-DDBB8DE187CD}.Debug|Any CPU.ActiveCfg = Debug|Any CPU
		{E328E560-D2D2-426D-BFEA-DDBB8DE187CD}.Debug|Any CPU.Build.0 = Debug|Any CPU
		{E328E560-D2D2-426D-BFEA-DDBB8DE187CD}.Release|Any CPU.ActiveCfg = Release|Any CPU
		{E328E560-D2D2-426D-BFEA-DDBB8DE187CD}.Release|Any CPU.Build.0 = Release|Any CPU
		{C9D9825D-523E-4218-9566-DC7FBDCD13D1}.Debug|Any CPU.ActiveCfg = Debug|Any CPU
		{C9D9825D-523E-4218-9566-DC7FBDCD13D1}.Debug|Any CPU.Build.0 = Debug|Any CPU
		{C9D9825D-523E-4218-9566-DC7FBDCD13D1}.Release|Any CPU.ActiveCfg = Release|Any CPU
		{C9D9825D-523E-4218-9566-DC7FBDCD13D1}.Release|Any CPU.Build.0 = Release|Any CPU
		{9DE6B7E2-F1AC-4364-90C1-5F3E76586F68}.Debug|Any CPU.ActiveCfg = Debug|Any CPU
		{9DE6B7E2-F1AC-4364-90C1-5F3E76586F68}.Debug|Any CPU.Build.0 = Debug|Any CPU
		{9DE6B7E2-F1AC-4364-90C1-5F3E76586F68}.Release|Any CPU.ActiveCfg = Release|Any CPU
		{9DE6B7E2-F1AC-4364-90C1-5F3E76586F68}.Release|Any CPU.Build.0 = Release|Any CPU
		{1D99FCC7-7D10-4FBC-8EC7-D6D35946C913}.Debug|Any CPU.ActiveCfg = Debug|Any CPU
		{1D99FCC7-7D10-4FBC-8EC7-D6D35946C913}.Debug|Any CPU.Build.0 = Debug|Any CPU
		{1D99FCC7-7D10-4FBC-8EC7-D6D35946C913}.Release|Any CPU.ActiveCfg = Release|Any CPU
		{1D99FCC7-7D10-4FBC-8EC7-D6D35946C913}.Release|Any CPU.Build.0 = Release|Any CPU
	EndGlobalSection
	GlobalSection(SolutionProperties) = preSolution
		HideSolutionNode = FALSE
	EndGlobalSection
	GlobalSection(ExtensibilityGlobals) = postSolution
		SolutionGuid = {2AD9CC85-76EB-48B2-B392-D58601E7BDD3}
	EndGlobalSection
EndGlobal
