
Microsoft Visual Studio Solution File, Format Version 12.00
# Visual Studio Version 16
VisualStudioVersion = 16.0.30907.101
MinimumVisualStudioVersion = 10.0.40219.1
Project("{FAE04EC0-301F-11D3-BF4B-00C04F79EFBC}") = "01. Numbers from 1to100", "01. Numbers from 1to100\01. Numbers from 1to100.csproj", "{F22DA98C-018F-43B4-978E-A494684361D2}"
EndProject
Project("{FAE04EC0-301F-11D3-BF4B-00C04F79EFBC}") = "02. Numbers N-1", "02. Numbers N-1\02. Numbers N-1.csproj", "{EEEAAE72-38E1-4A55-81EC-0035555B8EEA}"
EndProject
Project("{FAE04EC0-301F-11D3-BF4B-00C04F79EFBC}") = "03. Numbers 1.N with Step 3", "03. Numbers 1.N with Step 3\03. Numbers 1.N with Step 3.csproj", "{E85171DB-BCA1-45A7-A903-9DBC0A9AF467}"
EndProject
Project("{FAE04EC0-301F-11D3-BF4B-00C04F79EFBC}") = "04. Even Powers of 2", "04. Even Powers of 2\04. Even Powers of 2.csproj", "{5E5EB68B-5D03-4D49-8D8D-08374753B9BD}"
EndProject
Project("{FAE04EC0-301F-11D3-BF4B-00C04F79EFBC}") = "05. Character Sequence", "05. Character Sequence\05. Character Sequence.csproj", "{CF17B2BD-288C-47E0-A151-5FC24BDE196E}"
EndProject
Project("{FAE04EC0-301F-11D3-BF4B-00C04F79EFBC}") = "06. Vowels Sum", "06. Vowels Sum\06. Vowels Sum.csproj", "{1476262F-9E49-49BC-9A00-2D1567B7FD1F}"
EndProject
Project("{FAE04EC0-301F-11D3-BF4B-00C04F79EFBC}") = "07. Sum Numbers", "07. Sum Numbers\07. Sum Numbers.csproj", "{DF57043F-0E35-42A6-B20F-B2CC3179838A}"
EndProject
Project("{FAE04EC0-301F-11D3-BF4B-00C04F79EFBC}") = "08. Number sequence", "08. Number sequence\08. Number sequence.csproj", "{7FE98D67-C529-4333-AFF4-4A113AD129AA}"
EndProject
Project("{FAE04EC0-301F-11D3-BF4B-00C04F79EFBC}") = "09. Left and Right Sum", "09. Left and Right Sum\09. Left and Right Sum.csproj", "{008610FE-04D3-4BCD-84F3-234744BBF8F9}"
EndProject
Project("{FAE04EC0-301F-11D3-BF4B-00C04F79EFBC}") = "10. Odd Even Sum", "10. Odd Even Sum\10. Odd Even Sum.csproj", "{9E2F4CC0-1010-4C56-B60A-3C6816FE1454}"
EndProject
Global
	GlobalSection(SolutionConfigurationPlatforms) = preSolution
		Debug|Any CPU = Debug|Any CPU
		Release|Any CPU = Release|Any CPU
	EndGlobalSection
	GlobalSection(ProjectConfigurationPlatforms) = postSolution
		{F22DA98C-018F-43B4-978E-A494684361D2}.Debug|Any CPU.ActiveCfg = Debug|Any CPU
		{F22DA98C-018F-43B4-978E-A494684361D2}.Debug|Any CPU.Build.0 = Debug|Any CPU
		{F22DA98C-018F-43B4-978E-A494684361D2}.Release|Any CPU.ActiveCfg = Release|Any CPU
		{F22DA98C-018F-43B4-978E-A494684361D2}.Release|Any CPU.Build.0 = Release|Any CPU
		{EEEAAE72-38E1-4A55-81EC-0035555B8EEA}.Debug|Any CPU.ActiveCfg = Debug|Any CPU
		{EEEAAE72-38E1-4A55-81EC-0035555B8EEA}.Debug|Any CPU.Build.0 = Debug|Any CPU
		{EEEAAE72-38E1-4A55-81EC-0035555B8EEA}.Release|Any CPU.ActiveCfg = Release|Any CPU
		{EEEAAE72-38E1-4A55-81EC-0035555B8EEA}.Release|Any CPU.Build.0 = Release|Any CPU
		{E85171DB-BCA1-45A7-A903-9DBC0A9AF467}.Debug|Any CPU.ActiveCfg = Debug|Any CPU
		{E85171DB-BCA1-45A7-A903-9DBC0A9AF467}.Debug|Any CPU.Build.0 = Debug|Any CPU
		{E85171DB-BCA1-45A7-A903-9DBC0A9AF467}.Release|Any CPU.ActiveCfg = Release|Any CPU
		{E85171DB-BCA1-45A7-A903-9DBC0A9AF467}.Release|Any CPU.Build.0 = Release|Any CPU
		{5E5EB68B-5D03-4D49-8D8D-08374753B9BD}.Debug|Any CPU.ActiveCfg = Debug|Any CPU
		{5E5EB68B-5D03-4D49-8D8D-08374753B9BD}.Debug|Any CPU.Build.0 = Debug|Any CPU
		{5E5EB68B-5D03-4D49-8D8D-08374753B9BD}.Release|Any CPU.ActiveCfg = Release|Any CPU
		{5E5EB68B-5D03-4D49-8D8D-08374753B9BD}.Release|Any CPU.Build.0 = Release|Any CPU
		{CF17B2BD-288C-47E0-A151-5FC24BDE196E}.Debug|Any CPU.ActiveCfg = Debug|Any CPU
		{CF17B2BD-288C-47E0-A151-5FC24BDE196E}.Debug|Any CPU.Build.0 = Debug|Any CPU
		{CF17B2BD-288C-47E0-A151-5FC24BDE196E}.Release|Any CPU.ActiveCfg = Release|Any CPU
		{CF17B2BD-288C-47E0-A151-5FC24BDE196E}.Release|Any CPU.Build.0 = Release|Any CPU
		{1476262F-9E49-49BC-9A00-2D1567B7FD1F}.Debug|Any CPU.ActiveCfg = Debug|Any CPU
		{1476262F-9E49-49BC-9A00-2D1567B7FD1F}.Debug|Any CPU.Build.0 = Debug|Any CPU
		{1476262F-9E49-49BC-9A00-2D1567B7FD1F}.Release|Any CPU.ActiveCfg = Release|Any CPU
		{1476262F-9E49-49BC-9A00-2D1567B7FD1F}.Release|Any CPU.Build.0 = Release|Any CPU
		{DF57043F-0E35-42A6-B20F-B2CC3179838A}.Debug|Any CPU.ActiveCfg = Debug|Any CPU
		{DF57043F-0E35-42A6-B20F-B2CC3179838A}.Debug|Any CPU.Build.0 = Debug|Any CPU
		{DF57043F-0E35-42A6-B20F-B2CC3179838A}.Release|Any CPU.ActiveCfg = Release|Any CPU
		{DF57043F-0E35-42A6-B20F-B2CC3179838A}.Release|Any CPU.Build.0 = Release|Any CPU
		{7FE98D67-C529-4333-AFF4-4A113AD129AA}.Debug|Any CPU.ActiveCfg = Debug|Any CPU
		{7FE98D67-C529-4333-AFF4-4A113AD129AA}.Debug|Any CPU.Build.0 = Debug|Any CPU
		{7FE98D67-C529-4333-AFF4-4A113AD129AA}.Release|Any CPU.ActiveCfg = Release|Any CPU
		{7FE98D67-C529-4333-AFF4-4A113AD129AA}.Release|Any CPU.Build.0 = Release|Any CPU
		{008610FE-04D3-4BCD-84F3-234744BBF8F9}.Debug|Any CPU.ActiveCfg = Debug|Any CPU
		{008610FE-04D3-4BCD-84F3-234744BBF8F9}.Debug|Any CPU.Build.0 = Debug|Any CPU
		{008610FE-04D3-4BCD-84F3-234744BBF8F9}.Release|Any CPU.ActiveCfg = Release|Any CPU
		{008610FE-04D3-4BCD-84F3-234744BBF8F9}.Release|Any CPU.Build.0 = Release|Any CPU
		{9E2F4CC0-1010-4C56-B60A-3C6816FE1454}.Debug|Any CPU.ActiveCfg = Debug|Any CPU
		{9E2F4CC0-1010-4C56-B60A-3C6816FE1454}.Debug|Any CPU.Build.0 = Debug|Any CPU
		{9E2F4CC0-1010-4C56-B60A-3C6816FE1454}.Release|Any CPU.ActiveCfg = Release|Any CPU
		{9E2F4CC0-1010-4C56-B60A-3C6816FE1454}.Release|Any CPU.Build.0 = Release|Any CPU
	EndGlobalSection
	GlobalSection(SolutionProperties) = preSolution
		HideSolutionNode = FALSE
	EndGlobalSection
	GlobalSection(ExtensibilityGlobals) = postSolution
		SolutionGuid = {5A816D6B-32B0-41C5-BCC2-33B4B3439984}
	EndGlobalSection
EndGlobal
