
Microsoft Visual Studio Solution File, Format Version 12.00
# Visual Studio Version 16
VisualStudioVersion = 16.0.32126.315
MinimumVisualStudioVersion = 10.0.40219.1
Project("{FAE04EC0-301F-11D3-BF4B-00C04F79EFBC}") = "1. Reverse Strings", "1. Reverse Strings\1. Reverse Strings.csproj", "{74101EFB-2225-4C7E-B575-C29A9687CAE2}"
EndProject
Project("{FAE04EC0-301F-11D3-BF4B-00C04F79EFBC}") = "2. Repeat Strings", "2. Repeat Strings\2. Repeat Strings.csproj", "{53218167-DB3F-400B-B3E6-B81AD5C785B7}"
EndProject
Project("{FAE04EC0-301F-11D3-BF4B-00C04F79EFBC}") = "3. Substring", "03. Substring\3. Substring.csproj", "{67A5C4CD-9A21-44FC-83ED-71C4F43BB348}"
EndProject
Project("{FAE04EC0-301F-11D3-BF4B-00C04F79EFBC}") = "4. Text Filter", "4. Text Filter\4. Text Filter.csproj", "{089FC7B6-0D36-4184-8AE0-AECE1BC0619F}"
EndProject
Project("{FAE04EC0-301F-11D3-BF4B-00C04F79EFBC}") = "5. Digits, Letters and Others", "5. Digits, Letters and Others\5. Digits, Letters and Others.csproj", "{7AD3900F-C8C9-4608-BD3C-22FC906ED33D}"
EndProject
Global
	GlobalSection(SolutionConfigurationPlatforms) = preSolution
		Debug|Any CPU = Debug|Any CPU
		Release|Any CPU = Release|Any CPU
	EndGlobalSection
	GlobalSection(ProjectConfigurationPlatforms) = postSolution
		{74101EFB-2225-4C7E-B575-C29A9687CAE2}.Debug|Any CPU.ActiveCfg = Debug|Any CPU
		{74101EFB-2225-4C7E-B575-C29A9687CAE2}.Debug|Any CPU.Build.0 = Debug|Any CPU
		{74101EFB-2225-4C7E-B575-C29A9687CAE2}.Release|Any CPU.ActiveCfg = Release|Any CPU
		{74101EFB-2225-4C7E-B575-C29A9687CAE2}.Release|Any CPU.Build.0 = Release|Any CPU
		{53218167-DB3F-400B-B3E6-B81AD5C785B7}.Debug|Any CPU.ActiveCfg = Debug|Any CPU
		{53218167-DB3F-400B-B3E6-B81AD5C785B7}.Debug|Any CPU.Build.0 = Debug|Any CPU
		{53218167-DB3F-400B-B3E6-B81AD5C785B7}.Release|Any CPU.ActiveCfg = Release|Any CPU
		{53218167-DB3F-400B-B3E6-B81AD5C785B7}.Release|Any CPU.Build.0 = Release|Any CPU
		{67A5C4CD-9A21-44FC-83ED-71C4F43BB348}.Debug|Any CPU.ActiveCfg = Debug|Any CPU
		{67A5C4CD-9A21-44FC-83ED-71C4F43BB348}.Debug|Any CPU.Build.0 = Debug|Any CPU
		{67A5C4CD-9A21-44FC-83ED-71C4F43BB348}.Release|Any CPU.ActiveCfg = Release|Any CPU
		{67A5C4CD-9A21-44FC-83ED-71C4F43BB348}.Release|Any CPU.Build.0 = Release|Any CPU
		{089FC7B6-0D36-4184-8AE0-AECE1BC0619F}.Debug|Any CPU.ActiveCfg = Debug|Any CPU
		{089FC7B6-0D36-4184-8AE0-AECE1BC0619F}.Debug|Any CPU.Build.0 = Debug|Any CPU
		{089FC7B6-0D36-4184-8AE0-AECE1BC0619F}.Release|Any CPU.ActiveCfg = Release|Any CPU
		{089FC7B6-0D36-4184-8AE0-AECE1BC0619F}.Release|Any CPU.Build.0 = Release|Any CPU
		{7AD3900F-C8C9-4608-BD3C-22FC906ED33D}.Debug|Any CPU.ActiveCfg = Debug|Any CPU
		{7AD3900F-C8C9-4608-BD3C-22FC906ED33D}.Debug|Any CPU.Build.0 = Debug|Any CPU
		{7AD3900F-C8C9-4608-BD3C-22FC906ED33D}.Release|Any CPU.ActiveCfg = Release|Any CPU
		{7AD3900F-C8C9-4608-BD3C-22FC906ED33D}.Release|Any CPU.Build.0 = Release|Any CPU
	EndGlobalSection
	GlobalSection(SolutionProperties) = preSolution
		HideSolutionNode = FALSE
	EndGlobalSection
	GlobalSection(ExtensibilityGlobals) = postSolution
		SolutionGuid = {DD49C76F-E1ED-41CC-9524-C752688CD468}
	EndGlobalSection
EndGlobal
