
Microsoft Visual Studio Solution File, Format Version 12.00
# Visual Studio Version 16
VisualStudioVersion = 16.0.32126.315
MinimumVisualStudioVersion = 10.0.40219.1
Project("{9A19103F-16F7-4668-BE54-9A1E7A4F7556}") = "01. Count Same Values in Array", "01. Count Same Values in Array\01. Count Same Values in Array.csproj", "{BC65D72F-ADA3-4302-AAE8-65DCCD66A5F6}"
EndProject
Project("{9A19103F-16F7-4668-BE54-9A1E7A4F7556}") = "02.AverageStudentGrades", "02.AverageStudentGrades\02.AverageStudentGrades.csproj", "{F08C3700-BD31-435F-8CEF-20F913DAE03B}"
EndProject
Project("{9A19103F-16F7-4668-BE54-9A1E7A4F7556}") = "03. Largest 3 Numbers", "03. Largest 3 Numbers\03. Largest 3 Numbers.csproj", "{0CAEEAA7-229E-4268-916B-76CA9060C699}"
EndProject
Project("{FAE04EC0-301F-11D3-BF4B-00C04F79EFBC}") = "04. Product Shop", "04. Product Shop\04. Product Shop.csproj", "{85A2BE5E-D886-4414-B8F6-07DE7CDFCE2D}"
EndProject
Global
	GlobalSection(SolutionConfigurationPlatforms) = preSolution
		Debug|Any CPU = Debug|Any CPU
		Release|Any CPU = Release|Any CPU
	EndGlobalSection
	GlobalSection(ProjectConfigurationPlatforms) = postSolution
		{BC65D72F-ADA3-4302-AAE8-65DCCD66A5F6}.Debug|Any CPU.ActiveCfg = Debug|Any CPU
		{BC65D72F-ADA3-4302-AAE8-65DCCD66A5F6}.Debug|Any CPU.Build.0 = Debug|Any CPU
		{BC65D72F-ADA3-4302-AAE8-65DCCD66A5F6}.Release|Any CPU.ActiveCfg = Release|Any CPU
		{BC65D72F-ADA3-4302-AAE8-65DCCD66A5F6}.Release|Any CPU.Build.0 = Release|Any CPU
		{F08C3700-BD31-435F-8CEF-20F913DAE03B}.Debug|Any CPU.ActiveCfg = Debug|Any CPU
		{F08C3700-BD31-435F-8CEF-20F913DAE03B}.Debug|Any CPU.Build.0 = Debug|Any CPU
		{F08C3700-BD31-435F-8CEF-20F913DAE03B}.Release|Any CPU.ActiveCfg = Release|Any CPU
		{F08C3700-BD31-435F-8CEF-20F913DAE03B}.Release|Any CPU.Build.0 = Release|Any CPU
		{0CAEEAA7-229E-4268-916B-76CA9060C699}.Debug|Any CPU.ActiveCfg = Debug|Any CPU
		{0CAEEAA7-229E-4268-916B-76CA9060C699}.Debug|Any CPU.Build.0 = Debug|Any CPU
		{0CAEEAA7-229E-4268-916B-76CA9060C699}.Release|Any CPU.ActiveCfg = Release|Any CPU
		{0CAEEAA7-229E-4268-916B-76CA9060C699}.Release|Any CPU.Build.0 = Release|Any CPU
		{85A2BE5E-D886-4414-B8F6-07DE7CDFCE2D}.Debug|Any CPU.ActiveCfg = Debug|Any CPU
		{85A2BE5E-D886-4414-B8F6-07DE7CDFCE2D}.Debug|Any CPU.Build.0 = Debug|Any CPU
		{85A2BE5E-D886-4414-B8F6-07DE7CDFCE2D}.Release|Any CPU.ActiveCfg = Release|Any CPU
		{85A2BE5E-D886-4414-B8F6-07DE7CDFCE2D}.Release|Any CPU.Build.0 = Release|Any CPU
	EndGlobalSection
	GlobalSection(SolutionProperties) = preSolution
		HideSolutionNode = FALSE
	EndGlobalSection
	GlobalSection(ExtensibilityGlobals) = postSolution
		SolutionGuid = {DE9C033B-E5A4-45DC-97C0-6D5D55E7E01E}
	EndGlobalSection
EndGlobal
