
Microsoft Visual Studio Solution File, Format Version 12.00
# Visual Studio Version 16
VisualStudioVersion = 16.0.32126.315
MinimumVisualStudioVersion = 10.0.40219.1
Project("{FAE04EC0-301F-11D3-BF4B-00C04F79EFBC}") = "01. Class Box Data", "01. Class Box Data\01. Class Box Data.csproj", "{43EAC9F5-F2EB-46C7-AEA7-826960395A6E}"
EndProject
Global
	GlobalSection(SolutionConfigurationPlatforms) = preSolution
		Debug|Any CPU = Debug|Any CPU
		Release|Any CPU = Release|Any CPU
	EndGlobalSection
	GlobalSection(ProjectConfigurationPlatforms) = postSolution
		{43EAC9F5-F2EB-46C7-AEA7-826960395A6E}.Debug|Any CPU.ActiveCfg = Debug|Any CPU
		{43EAC9F5-F2EB-46C7-AEA7-826960395A6E}.Debug|Any CPU.Build.0 = Debug|Any CPU
		{43EAC9F5-F2EB-46C7-AEA7-826960395A6E}.Release|Any CPU.ActiveCfg = Release|Any CPU
		{43EAC9F5-F2EB-46C7-AEA7-826960395A6E}.Release|Any CPU.Build.0 = Release|Any CPU
	EndGlobalSection
	GlobalSection(SolutionProperties) = preSolution
		HideSolutionNode = FALSE
	EndGlobalSection
	GlobalSection(ExtensibilityGlobals) = postSolution
		SolutionGuid = {5EB20396-E397-4092-BB4D-F88EEAAD90E5}
	EndGlobalSection
EndGlobal
