
Microsoft Visual Studio Solution File, Format Version 12.00
# Visual Studio Version 16
VisualStudioVersion = 16.0.32126.315
MinimumVisualStudioVersion = 10.0.40219.1
Project("{9A19103F-16F7-4668-BE54-9A1E7A4F7556}") = "01. Messaging", "01. Messaging\01. Messaging.csproj", "{A71216E5-60C1-463C-B446-6CC5B2088794}"
EndProject
Project("{9A19103F-16F7-4668-BE54-9A1E7A4F7556}") = "02. Car Race", "02. Car Race\02. Car Race.csproj", "{D04555B3-FF7B-4A36-9396-E569EC05CEF2}"
EndProject
Project("{9A19103F-16F7-4668-BE54-9A1E7A4F7556}") = "03. TakeSkip Rope", "03. TakeSkip Rope\03. TakeSkip Rope.csproj", "{CA365C16-2A25-4B40-9C00-6C4706A5635A}"
EndProject
Project("{9A19103F-16F7-4668-BE54-9A1E7A4F7556}") = "04. Mixed up Lists", "04. Mixed up Lists\04. Mixed up Lists.csproj", "{B420D27B-9B2C-4B34-9584-8B2314251F54}"
EndProject
Project("{FAE04EC0-301F-11D3-BF4B-00C04F79EFBC}") = "05. Drum Set", "05. Drum Set\05. Drum Set.csproj", "{B47AF37D-D566-4A63-B60E-49A15E69D844}"
EndProject
Global
	GlobalSection(SolutionConfigurationPlatforms) = preSolution
		Debug|Any CPU = Debug|Any CPU
		Release|Any CPU = Release|Any CPU
	EndGlobalSection
	GlobalSection(ProjectConfigurationPlatforms) = postSolution
		{A71216E5-60C1-463C-B446-6CC5B2088794}.Debug|Any CPU.ActiveCfg = Debug|Any CPU
		{A71216E5-60C1-463C-B446-6CC5B2088794}.Debug|Any CPU.Build.0 = Debug|Any CPU
		{A71216E5-60C1-463C-B446-6CC5B2088794}.Release|Any CPU.ActiveCfg = Release|Any CPU
		{A71216E5-60C1-463C-B446-6CC5B2088794}.Release|Any CPU.Build.0 = Release|Any CPU
		{D04555B3-FF7B-4A36-9396-E569EC05CEF2}.Debug|Any CPU.ActiveCfg = Debug|Any CPU
		{D04555B3-FF7B-4A36-9396-E569EC05CEF2}.Debug|Any CPU.Build.0 = Debug|Any CPU
		{D04555B3-FF7B-4A36-9396-E569EC05CEF2}.Release|Any CPU.ActiveCfg = Release|Any CPU
		{D04555B3-FF7B-4A36-9396-E569EC05CEF2}.Release|Any CPU.Build.0 = Release|Any CPU
		{CA365C16-2A25-4B40-9C00-6C4706A5635A}.Debug|Any CPU.ActiveCfg = Debug|Any CPU
		{CA365C16-2A25-4B40-9C00-6C4706A5635A}.Debug|Any CPU.Build.0 = Debug|Any CPU
		{CA365C16-2A25-4B40-9C00-6C4706A5635A}.Release|Any CPU.ActiveCfg = Release|Any CPU
		{CA365C16-2A25-4B40-9C00-6C4706A5635A}.Release|Any CPU.Build.0 = Release|Any CPU
		{B420D27B-9B2C-4B34-9584-8B2314251F54}.Debug|Any CPU.ActiveCfg = Debug|Any CPU
		{B420D27B-9B2C-4B34-9584-8B2314251F54}.Debug|Any CPU.Build.0 = Debug|Any CPU
		{B420D27B-9B2C-4B34-9584-8B2314251F54}.Release|Any CPU.ActiveCfg = Release|Any CPU
		{B420D27B-9B2C-4B34-9584-8B2314251F54}.Release|Any CPU.Build.0 = Release|Any CPU
		{B47AF37D-D566-4A63-B60E-49A15E69D844}.Debug|Any CPU.ActiveCfg = Debug|Any CPU
		{B47AF37D-D566-4A63-B60E-49A15E69D844}.Debug|Any CPU.Build.0 = Debug|Any CPU
		{B47AF37D-D566-4A63-B60E-49A15E69D844}.Release|Any CPU.ActiveCfg = Release|Any CPU
		{B47AF37D-D566-4A63-B60E-49A15E69D844}.Release|Any CPU.Build.0 = Release|Any CPU
	EndGlobalSection
	GlobalSection(SolutionProperties) = preSolution
		HideSolutionNode = FALSE
	EndGlobalSection
	GlobalSection(ExtensibilityGlobals) = postSolution
		SolutionGuid = {CF193D6C-9A8F-49A4-A0C6-1F02C3833438}
	EndGlobalSection
EndGlobal
